{
  "name": "gatsby-remark-double-parenthesis-link",
  "version": "0.1.4",
  "lockfileVersion": 2,
  "requires": true,
  "packages": {
    "": {
      "version": "0.1.4",
      "license": "MIT",
      "dependencies": {
        "slugify": "^1.5.3",
        "unist-util-visit": "^2.0.0"
      },
      "devDependencies": {
        "@types/mdast": "^3.0.4"
      }
    },
    "node_modules/@types/mdast": {
      "version": "3.0.4",
      "resolved": "https://registry.npmjs.org/@types/mdast/-/mdast-3.0.4.tgz",
      "integrity": "sha512-gIdhbLDFlspL53xzol2hVzrXAbzt71erJHoOwQZWssjaiouOotf03lNtMmFm9VfFkvnLWccSVjUAZGQ5Kqw+jA==",
      "dev": true,
      "dependencies": {
        "@types/unist": "*"
      }
    },
    "node_modules/@types/unist": {
      "version": "2.0.5",
      "resolved": "https://registry.npmjs.org/@types/unist/-/unist-2.0.5.tgz",
      "integrity": "sha512-wnra4Vw9dopnuybR6HBywJ/URYpYrKLoepBTEtgfJup8Ahoi2zJECPP2cwiXp7btTvOT2CULv87aQRA4eZSP6g=="
    },
    "node_modules/slugify": {
      "version": "1.5.3",
      "resolved": "https://registry.npmjs.org/slugify/-/slugify-1.5.3.tgz",
      "integrity": "sha512-/HkjRdwPY3yHJReXu38NiusZw2+LLE2SrhkWJtmlPDB1fqFSvioYj62NkPcrKiNCgRLeGcGK7QBvr1iQwybeXw==",
      "engines": {
        "node": ">=8.0.0"
      }
    },
    "node_modules/unist-util-is": {
      "version": "4.1.0",
      "resolved": "https://registry.npmjs.org/unist-util-is/-/unist-util-is-4.1.0.tgz",
      "integrity": "sha512-ZOQSsnce92GrxSqlnEEseX0gi7GH9zTJZ0p9dtu87WRb/37mMPO2Ilx1s/t9vBHrFhbgweUwb+t7cIn5dxPhZg==",
      "funding": {
        "type": "opencollective",
        "url": "https://opencollective.com/unified"
      }
    },
    "node_modules/unist-util-visit": {
      "version": "2.0.3",
      "resolved": "https://registry.npmjs.org/unist-util-visit/-/unist-util-visit-2.0.3.tgz",
      "integrity": "sha512-iJ4/RczbJMkD0712mGktuGpm/U4By4FfDonL7N/9tATGIF4imikjOuagyMY53tnZq3NP6BcmlrHhEKAfGWjh7Q==",
      "dependencies": {
        "@types/unist": "^2.0.0",
        "unist-util-is": "^4.0.0",
        "unist-util-visit-parents": "^3.0.0"
      },
      "funding": {
        "type": "opencollective",
        "url": "https://opencollective.com/unified"
      }
    },
    "node_modules/unist-util-visit-parents": {
      "version": "3.1.1",
      "resolved": "https://registry.npmjs.org/unist-util-visit-parents/-/unist-util-visit-parents-3.1.1.tgz",
      "integrity": "sha512-1KROIZWo6bcMrZEwiH2UrXDyalAa0uqzWCxCJj6lPOvTve2WkfgCytoDTPaMnodXh1WrXOq0haVYHj99ynJlsg==",
      "dependencies": {
        "@types/unist": "^2.0.0",
        "unist-util-is": "^4.0.0"
      },
      "funding": {
        "type": "opencollective",
        "url": "https://opencollective.com/unified"
      }
    }
  },
  "dependencies": {
    "@types/mdast": {
      "version": "3.0.4",
      "resolved": "https://registry.npmjs.org/@types/mdast/-/mdast-3.0.4.tgz",
      "integrity": "sha512-gIdhbLDFlspL53xzol2hVzrXAbzt71erJHoOwQZWssjaiouOotf03lNtMmFm9VfFkvnLWccSVjUAZGQ5Kqw+jA==",
      "dev": true,
      "requires": {
        "@types/unist": "*"
      }
    },
    "@types/unist": {
      "version": "2.0.5",
      "resolved": "https://registry.npmjs.org/@types/unist/-/unist-2.0.5.tgz",
      "integrity": "sha512-wnra4Vw9dopnuybR6HBywJ/URYpYrKLoepBTEtgfJup8Ahoi2zJECPP2cwiXp7btTvOT2CULv87aQRA4eZSP6g=="
    },
    "slugify": {
      "version": "1.5.3",
      "resolved": "https://registry.npmjs.org/slugify/-/slugify-1.5.3.tgz",
      "integrity": "sha512-/HkjRdwPY3yHJReXu38NiusZw2+LLE2SrhkWJtmlPDB1fqFSvioYj62NkPcrKiNCgRLeGcGK7QBvr1iQwybeXw=="
    },
    "unist-util-is": {
      "version": "4.1.0",
      "resolved": "https://registry.npmjs.org/unist-util-is/-/unist-util-is-4.1.0.tgz",
      "integrity": "sha512-ZOQSsnce92GrxSqlnEEseX0gi7GH9zTJZ0p9dtu87WRb/37mMPO2Ilx1s/t9vBHrFhbgweUwb+t7cIn5dxPhZg=="
    },
    "unist-util-visit": {
      "version": "2.0.3",
      "resolved": "https://registry.npmjs.org/unist-util-visit/-/unist-util-visit-2.0.3.tgz",
      "integrity": "sha512-iJ4/RczbJMkD0712mGktuGpm/U4By4FfDonL7N/9tATGIF4imikjOuagyMY53tnZq3NP6BcmlrHhEKAfGWjh7Q==",
      "requires": {
        "@types/unist": "^2.0.0",
        "unist-util-is": "^4.0.0",
        "unist-util-visit-parents": "^3.0.0"
      }
    },
    "unist-util-visit-parents": {
      "version": "3.1.1",
      "resolved": "https://registry.npmjs.org/unist-util-visit-parents/-/unist-util-visit-parents-3.1.1.tgz",
      "integrity": "sha512-1KROIZWo6bcMrZEwiH2UrXDyalAa0uqzWCxCJj6lPOvTve2WkfgCytoDTPaMnodXh1WrXOq0haVYHj99ynJlsg==",
      "requires": {
        "@types/unist": "^2.0.0",
        "unist-util-is": "^4.0.0"
      }
    }
  }
}
